// !$*UTF8*$!
{
	archiveVersion = 1;
	classes = {
	};
	objectVersion = 56;
	objects = {

/* Begin PBXBuildFile section */
		28534EED29E1800C001FDC37 /* Launch Screen.storyboard in Resources */ = {isa = PBXBuildFile; fileRef = 28534EEC29E1800C001FDC37 /* Launch Screen.storyboard */; };
		28534EF429E19FF4001FDC37 /* TopHeaderView.swift in Sources */ = {isa = PBXBuildFile; fileRef = 28534EF329E19FF4001FDC37 /* TopHeaderView.swift */; };
		28534EF729E1A0F6001FDC37 /* TransactionsView.swift in Sources */ = {isa = PBXBuildFile; fileRef = 28534EF629E1A0F6001FDC37 /* TransactionsView.swift */; };
		28534EF929E1A287001FDC37 /* TransactionsViewModel.swift in Sources */ = {isa = PBXBuildFile; fileRef = 28534EF829E1A287001FDC37 /* TransactionsViewModel.swift */; };
		28534EFC29E1A4A8001FDC37 /* ViewModel.swift in Sources */ = {isa = PBXBuildFile; fileRef = 28534EFB29E1A4A8001FDC37 /* ViewModel.swift */; };
		28534EFE29E1A5CF001FDC37 /* TransactionsViewModelBuilder.swift in Sources */ = {isa = PBXBuildFile; fileRef = 28534EFD29E1A5CF001FDC37 /* TransactionsViewModelBuilder.swift */; };
		28534F0029E1A927001FDC37 /* apiServiceTransactionsMock.json in Resources */ = {isa = PBXBuildFile; fileRef = 28534EFF29E1A927001FDC37 /* apiServiceTransactionsMock.json */; };
		28534F0329E1AA27001FDC37 /* TransactionsDTO.swift in Sources */ = {isa = PBXBuildFile; fileRef = 28534F0229E1AA27001FDC37 /* TransactionsDTO.swift */; };
		28534F0529E1ABD1001FDC37 /* TransactionDTO.swift in Sources */ = {isa = PBXBuildFile; fileRef = 28534F0429E1ABD1001FDC37 /* TransactionDTO.swift */; };
		28534F0729E1ABDF001FDC37 /* TransactionDetailDTO.swift in Sources */ = {isa = PBXBuildFile; fileRef = 28534F0629E1ABDF001FDC37 /* TransactionDetailDTO.swift */; };
		28534F0929E1AC14001FDC37 /* TransactionAliasDTO.swift in Sources */ = {isa = PBXBuildFile; fileRef = 28534F0829E1AC14001FDC37 /* TransactionAliasDTO.swift */; };
		28534F0B29E1AC20001FDC37 /* TransactionValueDTO.swift in Sources */ = {isa = PBXBuildFile; fileRef = 28534F0A29E1AC20001FDC37 /* TransactionValueDTO.swift */; };
		28534F0D29E1AC94001FDC37 /* TransactionModel.swift in Sources */ = {isa = PBXBuildFile; fileRef = 28534F0C29E1AC94001FDC37 /* TransactionModel.swift */; };
		28534F0F29E1AE04001FDC37 /* ApiError.swift in Sources */ = {isa = PBXBuildFile; fileRef = 28534F0E29E1AE04001FDC37 /* ApiError.swift */; };
		28534F1229E1BA40001FDC37 /* DateServiceUtil.swift in Sources */ = {isa = PBXBuildFile; fileRef = 28534F1129E1BA40001FDC37 /* DateServiceUtil.swift */; };
		28534F1429E1BF6A001FDC37 /* TransactionCardView.swift in Sources */ = {isa = PBXBuildFile; fileRef = 28534F1329E1BF6A001FDC37 /* TransactionCardView.swift */; };
		28534F1729E1C00E001FDC37 /* DatePresentationUtil.swift in Sources */ = {isa = PBXBuildFile; fileRef = 28534F1629E1C00E001FDC37 /* DatePresentationUtil.swift */; };
		28534F1929E1C7CF001FDC37 /* RoundedCornersShape.swift in Sources */ = {isa = PBXBuildFile; fileRef = 28534F1829E1C7CF001FDC37 /* RoundedCornersShape.swift */; };
		28534F1C29E1F5E6001FDC37 /* TransactionCardViewModel.swift in Sources */ = {isa = PBXBuildFile; fileRef = 28534F1B29E1F5E6001FDC37 /* TransactionCardViewModel.swift */; };
		28534F1E29E1F73E001FDC37 /* TransactionCardViewModelBuilder.swift in Sources */ = {isa = PBXBuildFile; fileRef = 28534F1D29E1F73E001FDC37 /* TransactionCardViewModelBuilder.swift */; };
		288BC0C629E32370009F5A39 /* ActivityIndicator.swift in Sources */ = {isa = PBXBuildFile; fileRef = 288BC0C529E32370009F5A39 /* ActivityIndicator.swift */; };
		288BC0C829E33C3C009F5A39 /* ViewDidLoadModifier.swift in Sources */ = {isa = PBXBuildFile; fileRef = 288BC0C729E33C3C009F5A39 /* ViewDidLoadModifier.swift */; };
		288BC0CA29E33C5F009F5A39 /* View+Extension.swift in Sources */ = {isa = PBXBuildFile; fileRef = 288BC0C929E33C5F009F5A39 /* View+Extension.swift */; };
		288BC0CC29E341F2009F5A39 /* NetworkMonitor.swift in Sources */ = {isa = PBXBuildFile; fileRef = 288BC0CB29E341F2009F5A39 /* NetworkMonitor.swift */; };
		288CC6CF29E04A3A00FC5122 /* WorldOfPaybackApp.swift in Sources */ = {isa = PBXBuildFile; fileRef = 288CC6CE29E04A3A00FC5122 /* WorldOfPaybackApp.swift */; };
		288CC6D129E04A3A00FC5122 /* StartView.swift in Sources */ = {isa = PBXBuildFile; fileRef = 288CC6D029E04A3A00FC5122 /* StartView.swift */; };
		288CC6D329E04A3C00FC5122 /* Assets.xcassets in Resources */ = {isa = PBXBuildFile; fileRef = 288CC6D229E04A3C00FC5122 /* Assets.xcassets */; };
		288CC6D629E04A3C00FC5122 /* Preview Assets.xcassets in Resources */ = {isa = PBXBuildFile; fileRef = 288CC6D529E04A3C00FC5122 /* Preview Assets.xcassets */; };
		288CC6DF29E0507C00FC5122 /* AppContext.swift in Sources */ = {isa = PBXBuildFile; fileRef = 288CC6DE29E0507C00FC5122 /* AppContext.swift */; };
		288CC6E329E050F300FC5122 /* ApiService.swift in Sources */ = {isa = PBXBuildFile; fileRef = 288CC6E229E050F300FC5122 /* ApiService.swift */; };
		288CC6E829E051F300FC5122 /* MockApiService.swift in Sources */ = {isa = PBXBuildFile; fileRef = 288CC6E729E051F300FC5122 /* MockApiService.swift */; };
		288CC6FB29E05F7900FC5122 /* UIAppConstants.swift in Sources */ = {isa = PBXBuildFile; fileRef = 288CC6FA29E05F7900FC5122 /* UIAppConstants.swift */; };
		288CC70129E0711900FC5122 /* Localizable.strings in Resources */ = {isa = PBXBuildFile; fileRef = 288CC70329E0711900FC5122 /* Localizable.strings */; };
		288CC70829E0747D00FC5122 /* UnreleasedFeatureCardView.swift in Sources */ = {isa = PBXBuildFile; fileRef = 288CC70729E0747D00FC5122 /* UnreleasedFeatureCardView.swift */; };
		288CC70B29E075AD00FC5122 /* Color+Extension.swift in Sources */ = {isa = PBXBuildFile; fileRef = 288CC70A29E075AD00FC5122 /* Color+Extension.swift */; };
		288CC70D29E09DC100FC5122 /* StartFakeView.swift in Sources */ = {isa = PBXBuildFile; fileRef = 288CC70C29E09DC100FC5122 /* StartFakeView.swift */; };
		288E5EF329E47BAB0034ABAD /* TransactionFilterView.swift in Sources */ = {isa = PBXBuildFile; fileRef = 288E5EF229E47BAB0034ABAD /* TransactionFilterView.swift */; };
		288E5EF529E47BB80034ABAD /* TransactionFilterViewModel.swift in Sources */ = {isa = PBXBuildFile; fileRef = 288E5EF429E47BB80034ABAD /* TransactionFilterViewModel.swift */; };
		288E5EF729E47BC80034ABAD /* TransactionFilterViewModelBuilder.swift in Sources */ = {isa = PBXBuildFile; fileRef = 288E5EF629E47BC80034ABAD /* TransactionFilterViewModelBuilder.swift */; };
		288F827729E2F3AC0072B015 /* TransactionView.swift in Sources */ = {isa = PBXBuildFile; fileRef = 288F827629E2F3AB0072B015 /* TransactionView.swift */; };
		288F827929E2F3C70072B015 /* TransactionViewModel.swift in Sources */ = {isa = PBXBuildFile; fileRef = 288F827829E2F3C70072B015 /* TransactionViewModel.swift */; };
		288F827B29E2F3D50072B015 /* TransactionViewModelBuilder.swift in Sources */ = {isa = PBXBuildFile; fileRef = 288F827A29E2F3D50072B015 /* TransactionViewModelBuilder.swift */; };
		28A38FD229E45506000FAD31 /* TransactionsSumCardView.swift in Sources */ = {isa = PBXBuildFile; fileRef = 28A38FD129E45506000FAD31 /* TransactionsSumCardView.swift */; };
		28BF70E429E56E79009CD7FF /* CardViewText.swift in Sources */ = {isa = PBXBuildFile; fileRef = 28BF70E329E56E79009CD7FF /* CardViewText.swift */; };
		28BF70E629E574AA009CD7FF /* CardViewCircle.swift in Sources */ = {isa = PBXBuildFile; fileRef = 28BF70E529E574AA009CD7FF /* CardViewCircle.swift */; };
		28FA605729E5577C001929F9 /* TransactionFilterModel.swift in Sources */ = {isa = PBXBuildFile; fileRef = 28FA605629E5577C001929F9 /* TransactionFilterModel.swift */; };
		28FA605929E55789001929F9 /* TransactionSortingModel.swift in Sources */ = {isa = PBXBuildFile; fileRef = 28FA605829E55789001929F9 /* TransactionSortingModel.swift */; };
		28FA605B29E55CFE001929F9 /* TransactionFilterCategoryWithBindingModel.swift in Sources */ = {isa = PBXBuildFile; fileRef = 28FA605A29E55CFE001929F9 /* TransactionFilterCategoryWithBindingModel.swift */; };
		28FA605D29E55D2F001929F9 /* TransactionFilterCategoryModel.swift in Sources */ = {isa = PBXBuildFile; fileRef = 28FA605C29E55D2F001929F9 /* TransactionFilterCategoryModel.swift */; };
		28FA605F29E56A49001929F9 /* CardView.swift in Sources */ = {isa = PBXBuildFile; fileRef = 28FA605E29E56A49001929F9 /* CardView.swift */; };
/* End PBXBuildFile section */

/* Begin PBXFileReference section */
		28534EEC29E1800C001FDC37 /* Launch Screen.storyboard */ = {isa = PBXFileReference; lastKnownFileType = file.storyboard; path = "Launch Screen.storyboard"; sourceTree = "<group>"; };
		28534EF329E19FF4001FDC37 /* TopHeaderView.swift */ = {isa = PBXFileReference; lastKnownFileType = sourcecode.swift; path = TopHeaderView.swift; sourceTree = "<group>"; };
		28534EF629E1A0F6001FDC37 /* TransactionsView.swift */ = {isa = PBXFileReference; lastKnownFileType = sourcecode.swift; path = TransactionsView.swift; sourceTree = "<group>"; };
		28534EF829E1A287001FDC37 /* TransactionsViewModel.swift */ = {isa = PBXFileReference; lastKnownFileType = sourcecode.swift; path = TransactionsViewModel.swift; sourceTree = "<group>"; };
		28534EFB29E1A4A8001FDC37 /* ViewModel.swift */ = {isa = PBXFileReference; lastKnownFileType = sourcecode.swift; path = ViewModel.swift; sourceTree = "<group>"; };
		28534EFD29E1A5CF001FDC37 /* TransactionsViewModelBuilder.swift */ = {isa = PBXFileReference; lastKnownFileType = sourcecode.swift; path = TransactionsViewModelBuilder.swift; sourceTree = "<group>"; };
		28534EFF29E1A927001FDC37 /* apiServiceTransactionsMock.json */ = {isa = PBXFileReference; fileEncoding = 4; lastKnownFileType = text.json; path = apiServiceTransactionsMock.json; sourceTree = "<group>"; };
		28534F0229E1AA27001FDC37 /* TransactionsDTO.swift */ = {isa = PBXFileReference; lastKnownFileType = sourcecode.swift; path = TransactionsDTO.swift; sourceTree = "<group>"; };
		28534F0429E1ABD1001FDC37 /* TransactionDTO.swift */ = {isa = PBXFileReference; lastKnownFileType = sourcecode.swift; path = TransactionDTO.swift; sourceTree = "<group>"; };
		28534F0629E1ABDF001FDC37 /* TransactionDetailDTO.swift */ = {isa = PBXFileReference; lastKnownFileType = sourcecode.swift; path = TransactionDetailDTO.swift; sourceTree = "<group>"; };
		28534F0829E1AC14001FDC37 /* TransactionAliasDTO.swift */ = {isa = PBXFileReference; lastKnownFileType = sourcecode.swift; path = TransactionAliasDTO.swift; sourceTree = "<group>"; };
		28534F0A29E1AC20001FDC37 /* TransactionValueDTO.swift */ = {isa = PBXFileReference; lastKnownFileType = sourcecode.swift; path = TransactionValueDTO.swift; sourceTree = "<group>"; };
		28534F0C29E1AC94001FDC37 /* TransactionModel.swift */ = {isa = PBXFileReference; lastKnownFileType = sourcecode.swift; path = TransactionModel.swift; sourceTree = "<group>"; };
		28534F0E29E1AE04001FDC37 /* ApiError.swift */ = {isa = PBXFileReference; lastKnownFileType = sourcecode.swift; path = ApiError.swift; sourceTree = "<group>"; };
		28534F1129E1BA40001FDC37 /* DateServiceUtil.swift */ = {isa = PBXFileReference; lastKnownFileType = sourcecode.swift; path = DateServiceUtil.swift; sourceTree = "<group>"; };
		28534F1329E1BF6A001FDC37 /* TransactionCardView.swift */ = {isa = PBXFileReference; lastKnownFileType = sourcecode.swift; path = TransactionCardView.swift; sourceTree = "<group>"; };
		28534F1629E1C00E001FDC37 /* DatePresentationUtil.swift */ = {isa = PBXFileReference; lastKnownFileType = sourcecode.swift; path = DatePresentationUtil.swift; sourceTree = "<group>"; };
		28534F1829E1C7CF001FDC37 /* RoundedCornersShape.swift */ = {isa = PBXFileReference; lastKnownFileType = sourcecode.swift; path = RoundedCornersShape.swift; sourceTree = "<group>"; };
		28534F1B29E1F5E6001FDC37 /* TransactionCardViewModel.swift */ = {isa = PBXFileReference; lastKnownFileType = sourcecode.swift; path = TransactionCardViewModel.swift; sourceTree = "<group>"; };
		28534F1D29E1F73E001FDC37 /* TransactionCardViewModelBuilder.swift */ = {isa = PBXFileReference; lastKnownFileType = sourcecode.swift; path = TransactionCardViewModelBuilder.swift; sourceTree = "<group>"; };
		288BC0C529E32370009F5A39 /* ActivityIndicator.swift */ = {isa = PBXFileReference; lastKnownFileType = sourcecode.swift; path = ActivityIndicator.swift; sourceTree = "<group>"; };
		288BC0C729E33C3C009F5A39 /* ViewDidLoadModifier.swift */ = {isa = PBXFileReference; lastKnownFileType = sourcecode.swift; path = ViewDidLoadModifier.swift; sourceTree = "<group>"; };
		288BC0C929E33C5F009F5A39 /* View+Extension.swift */ = {isa = PBXFileReference; lastKnownFileType = sourcecode.swift; path = "View+Extension.swift"; sourceTree = "<group>"; };
		288BC0CB29E341F2009F5A39 /* NetworkMonitor.swift */ = {isa = PBXFileReference; lastKnownFileType = sourcecode.swift; path = NetworkMonitor.swift; sourceTree = "<group>"; };
		288CC6CB29E04A3A00FC5122 /* WorldOfPayback.app */ = {isa = PBXFileReference; explicitFileType = wrapper.application; includeInIndex = 0; path = WorldOfPayback.app; sourceTree = BUILT_PRODUCTS_DIR; };
		288CC6CE29E04A3A00FC5122 /* WorldOfPaybackApp.swift */ = {isa = PBXFileReference; lastKnownFileType = sourcecode.swift; path = WorldOfPaybackApp.swift; sourceTree = "<group>"; };
		288CC6D029E04A3A00FC5122 /* StartView.swift */ = {isa = PBXFileReference; lastKnownFileType = sourcecode.swift; path = StartView.swift; sourceTree = "<group>"; };
		288CC6D229E04A3C00FC5122 /* Assets.xcassets */ = {isa = PBXFileReference; lastKnownFileType = folder.assetcatalog; path = Assets.xcassets; sourceTree = "<group>"; };
		288CC6D529E04A3C00FC5122 /* Preview Assets.xcassets */ = {isa = PBXFileReference; lastKnownFileType = folder.assetcatalog; path = "Preview Assets.xcassets"; sourceTree = "<group>"; };
		288CC6DE29E0507C00FC5122 /* AppContext.swift */ = {isa = PBXFileReference; lastKnownFileType = sourcecode.swift; path = AppContext.swift; sourceTree = "<group>"; };
		288CC6E229E050F300FC5122 /* ApiService.swift */ = {isa = PBXFileReference; lastKnownFileType = sourcecode.swift; path = ApiService.swift; sourceTree = "<group>"; };
		288CC6E729E051F300FC5122 /* MockApiService.swift */ = {isa = PBXFileReference; lastKnownFileType = sourcecode.swift; path = MockApiService.swift; sourceTree = "<group>"; };
		288CC6EB29E054E300FC5122 /* Info.plist */ = {isa = PBXFileReference; lastKnownFileType = text.plist; path = Info.plist; sourceTree = "<group>"; };
		288CC6FA29E05F7900FC5122 /* UIAppConstants.swift */ = {isa = PBXFileReference; lastKnownFileType = sourcecode.swift; path = UIAppConstants.swift; sourceTree = "<group>"; };
		288CC70229E0711900FC5122 /* en */ = {isa = PBXFileReference; lastKnownFileType = text.plist.strings; name = en; path = en.lproj/Localizable.strings; sourceTree = "<group>"; };
		288CC70529E0714300FC5122 /* ru */ = {isa = PBXFileReference; lastKnownFileType = text.plist.strings; name = ru; path = ru.lproj/Localizable.strings; sourceTree = "<group>"; };
		288CC70729E0747D00FC5122 /* UnreleasedFeatureCardView.swift */ = {isa = PBXFileReference; lastKnownFileType = sourcecode.swift; path = UnreleasedFeatureCardView.swift; sourceTree = "<group>"; };
		288CC70A29E075AD00FC5122 /* Color+Extension.swift */ = {isa = PBXFileReference; lastKnownFileType = sourcecode.swift; path = "Color+Extension.swift"; sourceTree = "<group>"; };
		288CC70C29E09DC100FC5122 /* StartFakeView.swift */ = {isa = PBXFileReference; lastKnownFileType = sourcecode.swift; path = StartFakeView.swift; sourceTree = "<group>"; };
		288E5EF229E47BAB0034ABAD /* TransactionFilterView.swift */ = {isa = PBXFileReference; lastKnownFileType = sourcecode.swift; path = TransactionFilterView.swift; sourceTree = "<group>"; };
		288E5EF429E47BB80034ABAD /* TransactionFilterViewModel.swift */ = {isa = PBXFileReference; lastKnownFileType = sourcecode.swift; path = TransactionFilterViewModel.swift; sourceTree = "<group>"; };
		288E5EF629E47BC80034ABAD /* TransactionFilterViewModelBuilder.swift */ = {isa = PBXFileReference; lastKnownFileType = sourcecode.swift; path = TransactionFilterViewModelBuilder.swift; sourceTree = "<group>"; };
		288F827629E2F3AB0072B015 /* TransactionView.swift */ = {isa = PBXFileReference; lastKnownFileType = sourcecode.swift; path = TransactionView.swift; sourceTree = "<group>"; };
		288F827829E2F3C70072B015 /* TransactionViewModel.swift */ = {isa = PBXFileReference; lastKnownFileType = sourcecode.swift; path = TransactionViewModel.swift; sourceTree = "<group>"; };
		288F827A29E2F3D50072B015 /* TransactionViewModelBuilder.swift */ = {isa = PBXFileReference; lastKnownFileType = sourcecode.swift; path = TransactionViewModelBuilder.swift; sourceTree = "<group>"; };
		28A38FD129E45506000FAD31 /* TransactionsSumCardView.swift */ = {isa = PBXFileReference; lastKnownFileType = sourcecode.swift; path = TransactionsSumCardView.swift; sourceTree = "<group>"; };
		28BF70E329E56E79009CD7FF /* CardViewText.swift */ = {isa = PBXFileReference; lastKnownFileType = sourcecode.swift; path = CardViewText.swift; sourceTree = "<group>"; };
		28BF70E529E574AA009CD7FF /* CardViewCircle.swift */ = {isa = PBXFileReference; lastKnownFileType = sourcecode.swift; path = CardViewCircle.swift; sourceTree = "<group>"; };
		28FA605629E5577C001929F9 /* TransactionFilterModel.swift */ = {isa = PBXFileReference; lastKnownFileType = sourcecode.swift; path = TransactionFilterModel.swift; sourceTree = "<group>"; };
		28FA605829E55789001929F9 /* TransactionSortingModel.swift */ = {isa = PBXFileReference; lastKnownFileType = sourcecode.swift; path = TransactionSortingModel.swift; sourceTree = "<group>"; };
		28FA605A29E55CFE001929F9 /* TransactionFilterCategoryWithBindingModel.swift */ = {isa = PBXFileReference; lastKnownFileType = sourcecode.swift; path = TransactionFilterCategoryWithBindingModel.swift; sourceTree = "<group>"; };
		28FA605C29E55D2F001929F9 /* TransactionFilterCategoryModel.swift */ = {isa = PBXFileReference; lastKnownFileType = sourcecode.swift; path = TransactionFilterCategoryModel.swift; sourceTree = "<group>"; };
		28FA605E29E56A49001929F9 /* CardView.swift */ = {isa = PBXFileReference; lastKnownFileType = sourcecode.swift; path = CardView.swift; sourceTree = "<group>"; };
/* End PBXFileReference section */

/* Begin PBXFrameworksBuildPhase section */
		288CC6C829E04A3A00FC5122 /* Frameworks */ = {
			isa = PBXFrameworksBuildPhase;
			buildActionMask = 2147483647;
			files = (
			);
			runOnlyForDeploymentPostprocessing = 0;
		};
/* End PBXFrameworksBuildPhase section */

/* Begin PBXGroup section */
		28534EEB29E17FFD001FDC37 /* LaunchScreen */ = {
			isa = PBXGroup;
			children = (
				28534EEC29E1800C001FDC37 /* Launch Screen.storyboard */,
			);
			path = LaunchScreen;
			sourceTree = "<group>";
		};
		28534EF229E19F5F001FDC37 /* Screens */ = {
			isa = PBXGroup;
			children = (
				28BF70E729E58907009CD7FF /* TransationsFilterScreen */,
				288F827529E2F3880072B015 /* TransactionScreen */,
				28534EF529E1A0E1001FDC37 /* TransactionsScreen */,
			);
			path = Screens;
			sourceTree = "<group>";
		};
		28534EF529E1A0E1001FDC37 /* TransactionsScreen */ = {
			isa = PBXGroup;
			children = (
				28BF70E929E58961009CD7FF /* TransactionSumCardView */,
				28BF70E829E5894A009CD7FF /* TransactionCardView */,
				28534EF629E1A0F6001FDC37 /* TransactionsView.swift */,
				28534EF829E1A287001FDC37 /* TransactionsViewModel.swift */,
				28534EFD29E1A5CF001FDC37 /* TransactionsViewModelBuilder.swift */,
				28534F0C29E1AC94001FDC37 /* TransactionModel.swift */,
				28FA605629E5577C001929F9 /* TransactionFilterModel.swift */,
				28FA605829E55789001929F9 /* TransactionSortingModel.swift */,
				28FA605C29E55D2F001929F9 /* TransactionFilterCategoryModel.swift */,
			);
			path = TransactionsScreen;
			sourceTree = "<group>";
		};
		28534EFA29E1A49E001FDC37 /* ViewModel */ = {
			isa = PBXGroup;
			children = (
				28534EFB29E1A4A8001FDC37 /* ViewModel.swift */,
			);
			path = ViewModel;
			sourceTree = "<group>";
		};
		28534F0129E1AA0D001FDC37 /* DTOs */ = {
			isa = PBXGroup;
			children = (
				28534F0229E1AA27001FDC37 /* TransactionsDTO.swift */,
				28534F0429E1ABD1001FDC37 /* TransactionDTO.swift */,
				28534F0629E1ABDF001FDC37 /* TransactionDetailDTO.swift */,
				28534F0829E1AC14001FDC37 /* TransactionAliasDTO.swift */,
				28534F0A29E1AC20001FDC37 /* TransactionValueDTO.swift */,
			);
			path = DTOs;
			sourceTree = "<group>";
		};
		28534F1029E1BA14001FDC37 /* Utils */ = {
			isa = PBXGroup;
			children = (
				28534F1129E1BA40001FDC37 /* DateServiceUtil.swift */,
				288BC0CB29E341F2009F5A39 /* NetworkMonitor.swift */,
			);
			path = Utils;
			sourceTree = "<group>";
		};
		28534F1529E1BFEE001FDC37 /* Utils */ = {
			isa = PBXGroup;
			children = (
				28534F1629E1C00E001FDC37 /* DatePresentationUtil.swift */,
			);
			path = Utils;
			sourceTree = "<group>";
		};
		288CC6C229E04A3A00FC5122 = {
			isa = PBXGroup;
			children = (
				288CC6CD29E04A3A00FC5122 /* WorldOfPayback */,
				288CC6CC29E04A3A00FC5122 /* Products */,
			);
			sourceTree = "<group>";
		};
		288CC6CC29E04A3A00FC5122 /* Products */ = {
			isa = PBXGroup;
			children = (
				288CC6CB29E04A3A00FC5122 /* WorldOfPayback.app */,
			);
			name = Products;
			sourceTree = "<group>";
		};
		288CC6CD29E04A3A00FC5122 /* WorldOfPayback */ = {
			isa = PBXGroup;
			children = (
				288CC6EB29E054E300FC5122 /* Info.plist */,
				288CC6F829E05F4900FC5122 /* PresentationLayer */,
				288CC6E029E050D200FC5122 /* ApplicationLayer */,
				288CC6DC29E04FAA00FC5122 /* App */,
				288CC6D229E04A3C00FC5122 /* Assets.xcassets */,
				288CC6D429E04A3C00FC5122 /* Preview Content */,
			);
			path = WorldOfPayback;
			sourceTree = "<group>";
		};
		288CC6D429E04A3C00FC5122 /* Preview Content */ = {
			isa = PBXGroup;
			children = (
				288CC6D529E04A3C00FC5122 /* Preview Assets.xcassets */,
			);
			path = "Preview Content";
			sourceTree = "<group>";
		};
		288CC6DC29E04FAA00FC5122 /* App */ = {
			isa = PBXGroup;
			children = (
				28534EEB29E17FFD001FDC37 /* LaunchScreen */,
				288CC6EA29E053B500FC5122 /* StartScreen */,
				288CC6E929E0537700FC5122 /* AppContext */,
				288CC6CE29E04A3A00FC5122 /* WorldOfPaybackApp.swift */,
			);
			path = App;
			sourceTree = "<group>";
		};
		288CC6E029E050D200FC5122 /* ApplicationLayer */ = {
			isa = PBXGroup;
			children = (
				28534F1029E1BA14001FDC37 /* Utils */,
				288CC6E129E050E500FC5122 /* Services */,
			);
			path = ApplicationLayer;
			sourceTree = "<group>";
		};
		288CC6E129E050E500FC5122 /* Services */ = {
			isa = PBXGroup;
			children = (
				288CC6E429E0510100FC5122 /* ApiService */,
			);
			path = Services;
			sourceTree = "<group>";
		};
		288CC6E429E0510100FC5122 /* ApiService */ = {
			isa = PBXGroup;
			children = (
				28534F0129E1AA0D001FDC37 /* DTOs */,
				28534EFF29E1A927001FDC37 /* apiServiceTransactionsMock.json */,
				288CC6E229E050F300FC5122 /* ApiService.swift */,
				288CC6E729E051F300FC5122 /* MockApiService.swift */,
				28534F0E29E1AE04001FDC37 /* ApiError.swift */,
			);
			path = ApiService;
			sourceTree = "<group>";
		};
		288CC6E929E0537700FC5122 /* AppContext */ = {
			isa = PBXGroup;
			children = (
				288CC6DE29E0507C00FC5122 /* AppContext.swift */,
			);
			path = AppContext;
			sourceTree = "<group>";
		};
		288CC6EA29E053B500FC5122 /* StartScreen */ = {
			isa = PBXGroup;
			children = (
				288CC6D029E04A3A00FC5122 /* StartView.swift */,
			);
			path = StartScreen;
			sourceTree = "<group>";
		};
		288CC6F829E05F4900FC5122 /* PresentationLayer */ = {
			isa = PBXGroup;
			children = (
				28534F1529E1BFEE001FDC37 /* Utils */,
				28534EFA29E1A49E001FDC37 /* ViewModel */,
				28534EF229E19F5F001FDC37 /* Screens */,
				288CC70929E0758400FC5122 /* Extensions */,
				288CC70629E0743100FC5122 /* Views */,
				288CC6F929E05F6C00FC5122 /* Resources */,
			);
			path = PresentationLayer;
			sourceTree = "<group>";
		};
		288CC6F929E05F6C00FC5122 /* Resources */ = {
			isa = PBXGroup;
			children = (
				288CC6FE29E06EC500FC5122 /* Localization */,
				288CC6FA29E05F7900FC5122 /* UIAppConstants.swift */,
			);
			path = Resources;
			sourceTree = "<group>";
		};
		288CC6FE29E06EC500FC5122 /* Localization */ = {
			isa = PBXGroup;
			children = (
				288CC70329E0711900FC5122 /* Localizable.strings */,
			);
			path = Localization;
			sourceTree = "<group>";
		};
		288CC70629E0743100FC5122 /* Views */ = {
			isa = PBXGroup;
			children = (
				28BF70EA29E58983009CD7FF /* CardView */,
				288CC70729E0747D00FC5122 /* UnreleasedFeatureCardView.swift */,
				28534EF329E19FF4001FDC37 /* TopHeaderView.swift */,
				28534F1829E1C7CF001FDC37 /* RoundedCornersShape.swift */,
				288BC0C529E32370009F5A39 /* ActivityIndicator.swift */,
				288CC70C29E09DC100FC5122 /* StartFakeView.swift */,
			);
			path = Views;
			sourceTree = "<group>";
		};
		288CC70929E0758400FC5122 /* Extensions */ = {
			isa = PBXGroup;
			children = (
				288BC0C729E33C3C009F5A39 /* ViewDidLoadModifier.swift */,
				288CC70A29E075AD00FC5122 /* Color+Extension.swift */,
				288BC0C929E33C5F009F5A39 /* View+Extension.swift */,
			);
			path = Extensions;
			sourceTree = "<group>";
		};
		288F827529E2F3880072B015 /* TransactionScreen */ = {
			isa = PBXGroup;
			children = (
				288F827629E2F3AB0072B015 /* TransactionView.swift */,
				288F827829E2F3C70072B015 /* TransactionViewModel.swift */,
				288F827A29E2F3D50072B015 /* TransactionViewModelBuilder.swift */,
			);
			path = TransactionScreen;
			sourceTree = "<group>";
		};
		28BF70E729E58907009CD7FF /* TransationsFilterScreen */ = {
			isa = PBXGroup;
			children = (
				288E5EF229E47BAB0034ABAD /* TransactionFilterView.swift */,
				288E5EF429E47BB80034ABAD /* TransactionFilterViewModel.swift */,
				288E5EF629E47BC80034ABAD /* TransactionFilterViewModelBuilder.swift */,
				28FA605A29E55CFE001929F9 /* TransactionFilterCategoryWithBindingModel.swift */,
			);
			path = TransationsFilterScreen;
			sourceTree = "<group>";
		};
		28BF70E829E5894A009CD7FF /* TransactionCardView */ = {
			isa = PBXGroup;
			children = (
				28534F1329E1BF6A001FDC37 /* TransactionCardView.swift */,
				28534F1B29E1F5E6001FDC37 /* TransactionCardViewModel.swift */,
				28534F1D29E1F73E001FDC37 /* TransactionCardViewModelBuilder.swift */,
			);
			path = TransactionCardView;
			sourceTree = "<group>";
		};
		28BF70E929E58961009CD7FF /* TransactionSumCardView */ = {
			isa = PBXGroup;
			children = (
				28A38FD129E45506000FAD31 /* TransactionsSumCardView.swift */,
			);
			path = TransactionSumCardView;
			sourceTree = "<group>";
		};
		28BF70EA29E58983009CD7FF /* CardView */ = {
			isa = PBXGroup;
			children = (
				28FA605E29E56A49001929F9 /* CardView.swift */,
				28BF70E329E56E79009CD7FF /* CardViewText.swift */,
				28BF70E529E574AA009CD7FF /* CardViewCircle.swift */,
			);
			path = CardView;
			sourceTree = "<group>";
		};
/* End PBXGroup section */

/* Begin PBXNativeTarget section */
		288CC6CA29E04A3A00FC5122 /* WorldOfPayback */ = {
			isa = PBXNativeTarget;
			buildConfigurationList = 288CC6D929E04A3C00FC5122 /* Build configuration list for PBXNativeTarget "WorldOfPayback" */;
			buildPhases = (
				288CC6C729E04A3A00FC5122 /* Sources */,
				288CC6DD29E04FED00FC5122 /* ShellScript */,
				288CC6C829E04A3A00FC5122 /* Frameworks */,
				288CC6C929E04A3A00FC5122 /* Resources */,
			);
			buildRules = (
			);
			dependencies = (
			);
			name = WorldOfPayback;
			productName = WorldOfPayback;
			productReference = 288CC6CB29E04A3A00FC5122 /* WorldOfPayback.app */;
			productType = "com.apple.product-type.application";
		};
/* End PBXNativeTarget section */

/* Begin PBXProject section */
		288CC6C329E04A3A00FC5122 /* Project object */ = {
			isa = PBXProject;
			attributes = {
				BuildIndependentTargetsInParallel = 1;
				LastSwiftUpdateCheck = 1420;
				LastUpgradeCheck = 1420;
				TargetAttributes = {
					288CC6CA29E04A3A00FC5122 = {
						CreatedOnToolsVersion = 14.2;
					};
				};
			};
			buildConfigurationList = 288CC6C629E04A3A00FC5122 /* Build configuration list for PBXProject "WorldOfPayback" */;
			compatibilityVersion = "Xcode 14.0";
			developmentRegion = en;
			hasScannedForEncodings = 0;
			knownRegions = (
				en,
				ru,
			);
			mainGroup = 288CC6C229E04A3A00FC5122;
			productRefGroup = 288CC6CC29E04A3A00FC5122 /* Products */;
			projectDirPath = "";
			projectRoot = "";
			targets = (
				288CC6CA29E04A3A00FC5122 /* WorldOfPayback */,
			);
		};
/* End PBXProject section */

/* Begin PBXResourcesBuildPhase section */
		288CC6C929E04A3A00FC5122 /* Resources */ = {
			isa = PBXResourcesBuildPhase;
			buildActionMask = 2147483647;
			files = (
				28534F0029E1A927001FDC37 /* apiServiceTransactionsMock.json in Resources */,
				288CC6D629E04A3C00FC5122 /* Preview Assets.xcassets in Resources */,
				288CC70129E0711900FC5122 /* Localizable.strings in Resources */,
				28534EED29E1800C001FDC37 /* Launch Screen.storyboard in Resources */,
				288CC6D329E04A3C00FC5122 /* Assets.xcassets in Resources */,
			);
			runOnlyForDeploymentPostprocessing = 0;
		};
/* End PBXResourcesBuildPhase section */

/* Begin PBXShellScriptBuildPhase section */
		288CC6DD29E04FED00FC5122 /* ShellScript */ = {
			isa = PBXShellScriptBuildPhase;
			buildActionMask = 2147483647;
			files = (
			);
			inputFileListPaths = (
			);
			inputPaths = (
			);
			outputFileListPaths = (
			);
			outputPaths = (
			);
			runOnlyForDeploymentPostprocessing = 0;
			shellPath = /bin/sh;
			shellScript = "export PATH=\"$PATH:/opt/homebrew/bin\"\nif which swiftlint > /dev/null; then\n  swiftlint\nelse\n  echo \"warning: SwiftLint not installed, download from https://github.com/realm/SwiftLint\"\nfi\n";
		};
/* End PBXShellScriptBuildPhase section */

/* Begin PBXSourcesBuildPhase section */
		288CC6C729E04A3A00FC5122 /* Sources */ = {
			isa = PBXSourcesBuildPhase;
			buildActionMask = 2147483647;
			files = (
				28FA605D29E55D2F001929F9 /* TransactionFilterCategoryModel.swift in Sources */,
				28534F1E29E1F73E001FDC37 /* TransactionCardViewModelBuilder.swift in Sources */,
				28534F0329E1AA27001FDC37 /* TransactionsDTO.swift in Sources */,
				288F827929E2F3C70072B015 /* TransactionViewModel.swift in Sources */,
				28534F1C29E1F5E6001FDC37 /* TransactionCardViewModel.swift in Sources */,
				288CC70B29E075AD00FC5122 /* Color+Extension.swift in Sources */,
				28FA605F29E56A49001929F9 /* CardView.swift in Sources */,
				28FA605929E55789001929F9 /* TransactionSortingModel.swift in Sources */,
				288CC70D29E09DC100FC5122 /* StartFakeView.swift in Sources */,
				28FA605729E5577C001929F9 /* TransactionFilterModel.swift in Sources */,
				288F827729E2F3AC0072B015 /* TransactionView.swift in Sources */,
				288BC0CA29E33C5F009F5A39 /* View+Extension.swift in Sources */,
				288CC6E829E051F300FC5122 /* MockApiService.swift in Sources */,
				288CC70829E0747D00FC5122 /* UnreleasedFeatureCardView.swift in Sources */,
				28534F0729E1ABDF001FDC37 /* TransactionDetailDTO.swift in Sources */,
				28534EFE29E1A5CF001FDC37 /* TransactionsViewModelBuilder.swift in Sources */,
				288CC6D129E04A3A00FC5122 /* StartView.swift in Sources */,
				28534F1429E1BF6A001FDC37 /* TransactionCardView.swift in Sources */,
				28534EF729E1A0F6001FDC37 /* TransactionsView.swift in Sources */,
				28FA605B29E55CFE001929F9 /* TransactionFilterCategoryWithBindingModel.swift in Sources */,
				28534F0529E1ABD1001FDC37 /* TransactionDTO.swift in Sources */,
				288E5EF529E47BB80034ABAD /* TransactionFilterViewModel.swift in Sources */,
				28A38FD229E45506000FAD31 /* TransactionsSumCardView.swift in Sources */,
				288BC0C829E33C3C009F5A39 /* ViewDidLoadModifier.swift in Sources */,
				28534F0B29E1AC20001FDC37 /* TransactionValueDTO.swift in Sources */,
				28534F1229E1BA40001FDC37 /* DateServiceUtil.swift in Sources */,
				28534F1729E1C00E001FDC37 /* DatePresentationUtil.swift in Sources */,
				28BF70E429E56E79009CD7FF /* CardViewText.swift in Sources */,
				28534F0F29E1AE04001FDC37 /* ApiError.swift in Sources */,
				288F827B29E2F3D50072B015 /* TransactionViewModelBuilder.swift in Sources */,
				28BF70E629E574AA009CD7FF /* CardViewCircle.swift in Sources */,
				28534EFC29E1A4A8001FDC37 /* ViewModel.swift in Sources */,
				28534F0929E1AC14001FDC37 /* TransactionAliasDTO.swift in Sources */,
				288CC6FB29E05F7900FC5122 /* UIAppConstants.swift in Sources */,
				288BC0CC29E341F2009F5A39 /* NetworkMonitor.swift in Sources */,
				288CC6DF29E0507C00FC5122 /* AppContext.swift in Sources */,
				28534EF929E1A287001FDC37 /* TransactionsViewModel.swift in Sources */,
				288CC6E329E050F300FC5122 /* ApiService.swift in Sources */,
				288E5EF729E47BC80034ABAD /* TransactionFilterViewModelBuilder.swift in Sources */,
				28534EF429E19FF4001FDC37 /* TopHeaderView.swift in Sources */,
				28534F1929E1C7CF001FDC37 /* RoundedCornersShape.swift in Sources */,
				28534F0D29E1AC94001FDC37 /* TransactionModel.swift in Sources */,
				288E5EF329E47BAB0034ABAD /* TransactionFilterView.swift in Sources */,
				288BC0C629E32370009F5A39 /* ActivityIndicator.swift in Sources */,
				288CC6CF29E04A3A00FC5122 /* WorldOfPaybackApp.swift in Sources */,
			);
			runOnlyForDeploymentPostprocessing = 0;
		};
/* End PBXSourcesBuildPhase section */

/* Begin PBXVariantGroup section */
		288CC70329E0711900FC5122 /* Localizable.strings */ = {
			isa = PBXVariantGroup;
			children = (
				288CC70229E0711900FC5122 /* en */,
				288CC70529E0714300FC5122 /* ru */,
			);
			name = Localizable.strings;
			sourceTree = "<group>";
		};
/* End PBXVariantGroup section */

/* Begin XCBuildConfiguration section */
		288CC6D729E04A3C00FC5122 /* Debug */ = {
			isa = XCBuildConfiguration;
			buildSettings = {
				ALWAYS_SEARCH_USER_PATHS = NO;
				CLANG_ANALYZER_NONNULL = YES;
				CLANG_ANALYZER_NUMBER_OBJECT_CONVERSION = YES_AGGRESSIVE;
				CLANG_CXX_LANGUAGE_STANDARD = "gnu++20";
				CLANG_ENABLE_MODULES = YES;
				CLANG_ENABLE_OBJC_ARC = YES;
				CLANG_ENABLE_OBJC_WEAK = YES;
				CLANG_WARN_BLOCK_CAPTURE_AUTORELEASING = YES;
				CLANG_WARN_BOOL_CONVERSION = YES;
				CLANG_WARN_COMMA = YES;
				CLANG_WARN_CONSTANT_CONVERSION = YES;
				CLANG_WARN_DEPRECATED_OBJC_IMPLEMENTATIONS = YES;
				CLANG_WARN_DIRECT_OBJC_ISA_USAGE = YES_ERROR;
				CLANG_WARN_DOCUMENTATION_COMMENTS = YES;
				CLANG_WARN_EMPTY_BODY = YES;
				CLANG_WARN_ENUM_CONVERSION = YES;
				CLANG_WARN_INFINITE_RECURSION = YES;
				CLANG_WARN_INT_CONVERSION = YES;
				CLANG_WARN_NON_LITERAL_NULL_CONVERSION = YES;
				CLANG_WARN_OBJC_IMPLICIT_RETAIN_SELF = YES;
				CLANG_WARN_OBJC_LITERAL_CONVERSION = YES;
				CLANG_WARN_OBJC_ROOT_CLASS = YES_ERROR;
				CLANG_WARN_QUOTED_INCLUDE_IN_FRAMEWORK_HEADER = YES;
				CLANG_WARN_RANGE_LOOP_ANALYSIS = YES;
				CLANG_WARN_STRICT_PROTOTYPES = YES;
				CLANG_WARN_SUSPICIOUS_MOVE = YES;
				CLANG_WARN_UNGUARDED_AVAILABILITY = YES_AGGRESSIVE;
				CLANG_WARN_UNREACHABLE_CODE = YES;
				CLANG_WARN__DUPLICATE_METHOD_MATCH = YES;
				COPY_PHASE_STRIP = NO;
				DEBUG_INFORMATION_FORMAT = dwarf;
				ENABLE_STRICT_OBJC_MSGSEND = YES;
				ENABLE_TESTABILITY = YES;
				GCC_C_LANGUAGE_STANDARD = gnu11;
				GCC_DYNAMIC_NO_PIC = NO;
				GCC_NO_COMMON_BLOCKS = YES;
				GCC_OPTIMIZATION_LEVEL = 0;
				GCC_PREPROCESSOR_DEFINITIONS = (
					"DEBUG=1",
					"$(inherited)",
				);
				GCC_WARN_64_TO_32_BIT_CONVERSION = YES;
				GCC_WARN_ABOUT_RETURN_TYPE = YES_ERROR;
				GCC_WARN_UNDECLARED_SELECTOR = YES;
				GCC_WARN_UNINITIALIZED_AUTOS = YES_AGGRESSIVE;
				GCC_WARN_UNUSED_FUNCTION = YES;
				GCC_WARN_UNUSED_VARIABLE = YES;
				IPHONEOS_DEPLOYMENT_TARGET = 16.2;
				MTL_ENABLE_DEBUG_INFO = INCLUDE_SOURCE;
				MTL_FAST_MATH = YES;
				ONLY_ACTIVE_ARCH = YES;
				SDKROOT = iphoneos;
				SWIFT_ACTIVE_COMPILATION_CONDITIONS = DEBUG;
				SWIFT_OPTIMIZATION_LEVEL = "-Onone";
			};
			name = Debug;
		};
		288CC6D829E04A3C00FC5122 /* Release */ = {
			isa = XCBuildConfiguration;
			buildSettings = {
				ALWAYS_SEARCH_USER_PATHS = NO;
				CLANG_ANALYZER_NONNULL = YES;
				CLANG_ANALYZER_NUMBER_OBJECT_CONVERSION = YES_AGGRESSIVE;
				CLANG_CXX_LANGUAGE_STANDARD = "gnu++20";
				CLANG_ENABLE_MODULES = YES;
				CLANG_ENABLE_OBJC_ARC = YES;
				CLANG_ENABLE_OBJC_WEAK = YES;
				CLANG_WARN_BLOCK_CAPTURE_AUTORELEASING = YES;
				CLANG_WARN_BOOL_CONVERSION = YES;
				CLANG_WARN_COMMA = YES;
				CLANG_WARN_CONSTANT_CONVERSION = YES;
				CLANG_WARN_DEPRECATED_OBJC_IMPLEMENTATIONS = YES;
				CLANG_WARN_DIRECT_OBJC_ISA_USAGE = YES_ERROR;
				CLANG_WARN_DOCUMENTATION_COMMENTS = YES;
				CLANG_WARN_EMPTY_BODY = YES;
				CLANG_WARN_ENUM_CONVERSION = YES;
				CLANG_WARN_INFINITE_RECURSION = YES;
				CLANG_WARN_INT_CONVERSION = YES;
				CLANG_WARN_NON_LITERAL_NULL_CONVERSION = YES;
				CLANG_WARN_OBJC_IMPLICIT_RETAIN_SELF = YES;
				CLANG_WARN_OBJC_LITERAL_CONVERSION = YES;
				CLANG_WARN_OBJC_ROOT_CLASS = YES_ERROR;
				CLANG_WARN_QUOTED_INCLUDE_IN_FRAMEWORK_HEADER = YES;
				CLANG_WARN_RANGE_LOOP_ANALYSIS = YES;
				CLANG_WARN_STRICT_PROTOTYPES = YES;
				CLANG_WARN_SUSPICIOUS_MOVE = YES;
				CLANG_WARN_UNGUARDED_AVAILABILITY = YES_AGGRESSIVE;
				CLANG_WARN_UNREACHABLE_CODE = YES;
				CLANG_WARN__DUPLICATE_METHOD_MATCH = YES;
				COPY_PHASE_STRIP = NO;
				DEBUG_INFORMATION_FORMAT = "dwarf-with-dsym";
				ENABLE_NS_ASSERTIONS = NO;
				ENABLE_STRICT_OBJC_MSGSEND = YES;
				GCC_C_LANGUAGE_STANDARD = gnu11;
				GCC_NO_COMMON_BLOCKS = YES;
				GCC_WARN_64_TO_32_BIT_CONVERSION = YES;
				GCC_WARN_ABOUT_RETURN_TYPE = YES_ERROR;
				GCC_WARN_UNDECLARED_SELECTOR = YES;
				GCC_WARN_UNINITIALIZED_AUTOS = YES_AGGRESSIVE;
				GCC_WARN_UNUSED_FUNCTION = YES;
				GCC_WARN_UNUSED_VARIABLE = YES;
				IPHONEOS_DEPLOYMENT_TARGET = 16.2;
				MTL_ENABLE_DEBUG_INFO = NO;
				MTL_FAST_MATH = YES;
				SDKROOT = iphoneos;
				SWIFT_COMPILATION_MODE = wholemodule;
				SWIFT_OPTIMIZATION_LEVEL = "-O";
				VALIDATE_PRODUCT = YES;
			};
			name = Release;
		};
		288CC6DA29E04A3C00FC5122 /* Debug */ = {
			isa = XCBuildConfiguration;
			buildSettings = {
				ASSETCATALOG_COMPILER_APPICON_NAME = AppIcon;
				ASSETCATALOG_COMPILER_GLOBAL_ACCENT_COLOR_NAME = AccentColor;
				CODE_SIGN_IDENTITY = "Apple Development";
				CODE_SIGN_STYLE = Automatic;
				CURRENT_PROJECT_VERSION = 1;
				DEVELOPMENT_ASSET_PATHS = "\"WorldOfPayback/Preview Content\"";
				DEVELOPMENT_TEAM = 6762K7P32G;
				ENABLE_PREVIEWS = YES;
				GENERATE_INFOPLIST_FILE = YES;
				INFOPLIST_FILE = WorldOfPayback/Info.plist;
				INFOPLIST_KEY_CFBundleDisplayName = "WOP!";
				INFOPLIST_KEY_UIApplicationSupportsIndirectInputEvents = YES;
				INFOPLIST_KEY_UILaunchStoryboardName = "Launch Screen.storyboard";
				INFOPLIST_KEY_UISupportedInterfaceOrientations_iPad = "UIInterfaceOrientationPortrait UIInterfaceOrientationPortraitUpsideDown UIInterfaceOrientationLandscapeLeft UIInterfaceOrientationLandscapeRight";
				INFOPLIST_KEY_UISupportedInterfaceOrientations_iPhone = "UIInterfaceOrientationPortrait UIInterfaceOrientationLandscapeLeft UIInterfaceOrientationLandscapeRight";
				LD_RUNPATH_SEARCH_PATHS = (
					"$(inherited)",
					"@executable_path/Frameworks",
				);
				MARKETING_VERSION = 1.0;
				PRODUCT_BUNDLE_IDENTIFIER = com.nothing.WorldOfPayback;
				PRODUCT_NAME = "$(TARGET_NAME)";
				PROVISIONING_PROFILE_SPECIFIER = "";
				SWIFT_EMIT_LOC_STRINGS = YES;
				SWIFT_VERSION = 5.0;
				TARGETED_DEVICE_FAMILY = "1,2";
			};
			name = Debug;
		};
		288CC6DB29E04A3C00FC5122 /* Release */ = {
			isa = XCBuildConfiguration;
			buildSettings = {
				ASSETCATALOG_COMPILER_APPICON_NAME = AppIcon;
				ASSETCATALOG_COMPILER_GLOBAL_ACCENT_COLOR_NAME = AccentColor;
				CODE_SIGN_IDENTITY = "Apple Development";
				CODE_SIGN_STYLE = Automatic;
				CURRENT_PROJECT_VERSION = 1;
				DEVELOPMENT_ASSET_PATHS = "\"WorldOfPayback/Preview Content\"";
				DEVELOPMENT_TEAM = 6762K7P32G;
				ENABLE_PREVIEWS = YES;
				GENERATE_INFOPLIST_FILE = YES;
				INFOPLIST_FILE = WorldOfPayback/Info.plist;
				INFOPLIST_KEY_CFBundleDisplayName = "WOP!";
				INFOPLIST_KEY_UIApplicationSupportsIndirectInputEvents = YES;
				INFOPLIST_KEY_UILaunchStoryboardName = "Launch Screen.storyboard";
				INFOPLIST_KEY_UISupportedInterfaceOrientations_iPad = "UIInterfaceOrientationPortrait UIInterfaceOrientationPortraitUpsideDown UIInterfaceOrientationLandscapeLeft UIInterfaceOrientationLandscapeRight";
				INFOPLIST_KEY_UISupportedInterfaceOrientations_iPhone = "UIInterfaceOrientationPortrait UIInterfaceOrientationLandscapeLeft UIInterfaceOrientationLandscapeRight";
				LD_RUNPATH_SEARCH_PATHS = (
					"$(inherited)",
					"@executable_path/Frameworks",
				);
				MARKETING_VERSION = 1.0;
				PRODUCT_BUNDLE_IDENTIFIER = com.nothing.WorldOfPayback;
				PRODUCT_NAME = "$(TARGET_NAME)";
				PROVISIONING_PROFILE_SPECIFIER = "";
				SWIFT_EMIT_LOC_STRINGS = YES;
				SWIFT_VERSION = 5.0;
				TARGETED_DEVICE_FAMILY = "1,2";
			};
			name = Release;
		};
/* End XCBuildConfiguration section */

/* Begin XCConfigurationList section */
		288CC6C629E04A3A00FC5122 /* Build configuration list for PBXProject "WorldOfPayback" */ = {
			isa = XCConfigurationList;
			buildConfigurations = (
				288CC6D729E04A3C00FC5122 /* Debug */,
				288CC6D829E04A3C00FC5122 /* Release */,
			);
			defaultConfigurationIsVisible = 0;
			defaultConfigurationName = Release;
		};
		288CC6D929E04A3C00FC5122 /* Build configuration list for PBXNativeTarget "WorldOfPayback" */ = {
			isa = XCConfigurationList;
			buildConfigurations = (
				288CC6DA29E04A3C00FC5122 /* Debug */,
				288CC6DB29E04A3C00FC5122 /* Release */,
			);
			defaultConfigurationIsVisible = 0;
			defaultConfigurationName = Release;
		};
/* End XCConfigurationList section */
	};
	rootObject = 288CC6C329E04A3A00FC5122 /* Project object */;
}
